
Microsoft Visual Studio Solution File, Format Version 12.00
# Visual Studio Version 17
VisualStudioVersion = 17.2.32602.215
MinimumVisualStudioVersion = 10.0.40219.1
Project("{8BC9CEB8-8B4A-11D0-8D11-00A0C91BC942}") = "lab_openMP", "lab_openMP\lab_openMP.vcxproj", "{70FA5392-3BE9-4DDE-9ECC-F9ECC0DFEA59}"
EndProject
Global
	GlobalSection(SolutionConfigurationPlatforms) = preSolution
		Debug|x64 = Debug|x64
		Debug|x86 = Debug|x86
		Release|x64 = Release|x64
		Release|x86 = Release|x86
	EndGlobalSection
	GlobalSection(ProjectConfigurationPlatforms) = postSolution
		{70FA5392-3BE9-4DDE-9ECC-F9ECC0DFEA59}.Debug|x64.ActiveCfg = Debug|x64
		{70FA5392-3BE9-4DDE-9ECC-F9ECC0DFEA59}.Debug|x64.Build.0 = Debug|x64
		{70FA5392-3BE9-4DDE-9ECC-F9ECC0DFEA59}.Debug|x86.ActiveCfg = Debug|Win32
		{70FA5392-3BE9-4DDE-9ECC-F9ECC0DFEA59}.Debug|x86.Build.0 = Debug|Win32
		{70FA5392-3BE9-4DDE-9ECC-F9ECC0DFEA59}.Release|x64.ActiveCfg = Release|x64
		{70FA5392-3BE9-4DDE-9ECC-F9ECC0DFEA59}.Release|x64.Build.0 = Release|x64
		{70FA5392-3BE9-4DDE-9ECC-F9ECC0DFEA59}.Release|x86.ActiveCfg = Release|Win32
		{70FA5392-3BE9-4DDE-9ECC-F9ECC0DFEA59}.Release|x86.Build.0 = Release|Win32
	EndGlobalSection
	GlobalSection(SolutionProperties) = preSolution
		HideSolutionNode = FALSE
	EndGlobalSection
	GlobalSection(ExtensibilityGlobals) = postSolution
		SolutionGuid = {3A191AE7-1E37-4670-B7C9-ADA0B0B8159D}
	EndGlobalSection
EndGlobal
